# This file is autogenerated, do not edit; changes may be undone by the next 'dep ensure'.


[[projects]]
  branch = "master"
  name = "github.com/ViBiOh/httputils"
  packages = ["pkg/tools"]
  revision = "fe606d9cdfe10039ae176d5ef70cc5c7015bb0a3"

[[projects]]
  name = "github.com/algolia/algoliasearch-client-go"
  packages = ["algoliasearch"]
  revision = "d4f058969a6b237f3966ee269f9397ffea967029"
  version = "2.22.0"

[solve-meta]
  analyzer-name = "dep"
  analyzer-version = 1
  inputs-digest = "7f81e7233dded140bebcded57a8eabe207cb324748aec5b5dedb5eb4028c4454"
  solver-name = "gps-cdcl"
  solver-version = 1
