# This file is autogenerated, do not edit; changes may be undone by the next 'dep ensure'.


[[projects]]
  branch = "master"
  digest = "1:28f1b4d6d61e3b6d1059841d8ae4dfcd594bcd7a5dd2e5d89d04dc1139cfd206"
  name = "github.com/ViBiOh/httputils"
  packages = ["pkg/tools"]
  pruneopts = "UT"
  revision = "b6d3cd35d8be695407c488c7142e582a1e626ebc"

[[projects]]
  digest = "1:838c693b8a6ddcccf45e7c25db5998916cecc3ff4bdb81c4eaaf5a0d57b83025"
  name = "github.com/algolia/algoliasearch-client-go"
  packages = [
    "algoliasearch",
    "algoliasearch/call",
  ]
  pruneopts = "UT"
  revision = "68149ecd478242b4323aa535fe0fadca0d98912e"
  version = "2.25.0"

[solve-meta]
  analyzer-name = "dep"
  analyzer-version = 1
  input-imports = [
    "github.com/ViBiOh/httputils/pkg/tools",
    "github.com/algolia/algoliasearch-client-go/algoliasearch",
  ]
  solver-name = "gps-cdcl"
  solver-version = 1
